{
  "name": "ESGestaoSalas",
  "version": "1.0.0",
  "lockfileVersion": 3,
  "requires": true,
  "packages": {
    "": {
      "name": "ESGestaoSalas",
      "version": "1.0.0",
      "license": "MIT",
      "dependencies": {
        "papaparse": "^5.4.1",
        "tabulator-tables": "^5.6.1"
      }
    },
    "node_modules/papaparse": {
      "version": "5.4.1",
      "resolved": "https://registry.npmjs.org/papaparse/-/papaparse-5.4.1.tgz",
      "integrity": "sha512-HipMsgJkZu8br23pW15uvo6sib6wne/4woLZPlFf3rpDyMe9ywEXUsuD7+6K9PRkJlVT51j/sCOYDKGGS3ZJrw==",
      "license": "MIT"
    },
    "node_modules/tabulator-tables": {
      "version": "5.6.1",
      "resolved": "https://registry.npmjs.org/tabulator-tables/-/tabulator-tables-5.6.1.tgz",
      "integrity": "sha512-DsmaZqEmlQS/NL5ZJbVtoaeYjJgofEFp+2er7+uwKerGwd/E2rZbeQgux4+Ab1dxNJcbptiX7oUiTwogOnUdgQ==",
      "license": "MIT"
    }
  }
}
